// !$*UTF8*$!
{
	archiveVersion = 1;
	classes = {
	};
	objectVersion = 48;
	objects = {

/* Begin PBXBuildFile section */
		10FC33852028300E0082632F /* AppDelegate.m in Sources */ = {isa = PBXBuildFile; fileRef = 10FC33842028300E0082632F /* AppDelegate.m */; };
		10FC33882028300E0082632F /* ViewController.m in Sources */ = {isa = PBXBuildFile; fileRef = 10FC33872028300E0082632F /* ViewController.m */; };
		10FC338B2028300E0082632F /* Main.storyboard in Resources */ = {isa = PBXBuildFile; fileRef = 10FC33892028300E0082632F /* Main.storyboard */; };
		10FC338D2028300E0082632F /* Assets.xcassets in Resources */ = {isa = PBXBuildFile; fileRef = 10FC338C2028300E0082632F /* Assets.xcassets */; };
		10FC33902028300E0082632F /* LaunchScreen.storyboard in Resources */ = {isa = PBXBuildFile; fileRef = 10FC338E2028300E0082632F /* LaunchScreen.storyboard */; };
		10FC33932028300E0082632F /* main.m in Sources */ = {isa = PBXBuildFile; fileRef = 10FC33922028300E0082632F /* main.m */; };
		10FC339B2028310A0082632F /* RewardView.m in Sources */ = {isa = PBXBuildFile; fileRef = 10FC339A2028310A0082632F /* RewardView.m */; };
/* End PBXBuildFile section */

/* Begin PBXFileReference section */
		10FC33802028300D0082632F /* SudokuAnimation.app */ = {isa = PBXFileReference; explicitFileType = wrapper.application; includeInIndex = 0; path = SudokuAnimation.app; sourceTree = BUILT_PRODUCTS_DIR; };
		10FC33832028300E0082632F /* AppDelegate.h */ = {isa = PBXFileReference; lastKnownFileType = sourcecode.c.h; path = AppDelegate.h; sourceTree = "<group>"; };
		10FC33842028300E0082632F /* AppDelegate.m */ = {isa = PBXFileReference; lastKnownFileType = sourcecode.c.objc; path = AppDelegate.m; sourceTree = "<group>"; };
		10FC33862028300E0082632F /* ViewController.h */ = {isa = PBXFileReference; lastKnownFileType = sourcecode.c.h; path = ViewController.h; sourceTree = "<group>"; };
		10FC33872028300E0082632F /* ViewController.m */ = {isa = PBXFileReference; lastKnownFileType = sourcecode.c.objc; path = ViewController.m; sourceTree = "<group>"; };
		10FC338A2028300E0082632F /* Base */ = {isa = PBXFileReference; lastKnownFileType = file.storyboard; name = Base; path = Base.lproj/Main.storyboard; sourceTree = "<group>"; };
		10FC338C2028300E0082632F /* Assets.xcassets */ = {isa = PBXFileReference; lastKnownFileType = folder.assetcatalog; path = Assets.xcassets; sourceTree = "<group>"; };
		10FC338F2028300E0082632F /* Base */ = {isa = PBXFileReference; lastKnownFileType = file.storyboard; name = Base; path = Base.lproj/LaunchScreen.storyboard; sourceTree = "<group>"; };
		10FC33912028300E0082632F /* Info.plist */ = {isa = PBXFileReference; lastKnownFileType = text.plist.xml; path = Info.plist; sourceTree = "<group>"; };
		10FC33922028300E0082632F /* main.m */ = {isa = PBXFileReference; lastKnownFileType = sourcecode.c.objc; path = main.m; sourceTree = "<group>"; };
		10FC33992028310A0082632F /* RewardView.h */ = {isa = PBXFileReference; lastKnownFileType = sourcecode.c.h; path = RewardView.h; sourceTree = "<group>"; };
		10FC339A2028310A0082632F /* RewardView.m */ = {isa = PBXFileReference; lastKnownFileType = sourcecode.c.objc; path = RewardView.m; sourceTree = "<group>"; };
/* End PBXFileReference section */

/* Begin PBXFrameworksBuildPhase section */
		10FC337D2028300D0082632F /* Frameworks */ = {
			isa = PBXFrameworksBuildPhase;
			buildActionMask = 2147483647;
			files = (
			);
			runOnlyForDeploymentPostprocessing = 0;
		};
/* End PBXFrameworksBuildPhase section */

/* Begin PBXGroup section */
		10FC33772028300D0082632F = {
			isa = PBXGroup;
			children = (
				10FC33822028300D0082632F /* SudokuAnimation */,
				10FC33812028300D0082632F /* Products */,
			);
			sourceTree = "<group>";
		};
		10FC33812028300D0082632F /* Products */ = {
			isa = PBXGroup;
			children = (
				10FC33802028300D0082632F /* SudokuAnimation.app */,
			);
			name = Products;
			sourceTree = "<group>";
		};
		10FC33822028300D0082632F /* SudokuAnimation */ = {
			isa = PBXGroup;
			children = (
				10FC33832028300E0082632F /* AppDelegate.h */,
				10FC33842028300E0082632F /* AppDelegate.m */,
				10FC33862028300E0082632F /* ViewController.h */,
				10FC33872028300E0082632F /* ViewController.m */,
				10FC33992028310A0082632F /* RewardView.h */,
				10FC339A2028310A0082632F /* RewardView.m */,
				10FC33892028300E0082632F /* Main.storyboard */,
				10FC338C2028300E0082632F /* Assets.xcassets */,
				10FC338E2028300E0082632F /* LaunchScreen.storyboard */,
				10FC33912028300E0082632F /* Info.plist */,
				10FC33922028300E0082632F /* main.m */,
			);
			path = SudokuAnimation;
			sourceTree = "<group>";
		};
/* End PBXGroup section */

/* Begin PBXNativeTarget section */
		10FC337F2028300D0082632F /* SudokuAnimation */ = {
			isa = PBXNativeTarget;
			buildConfigurationList = 10FC33962028300E0082632F /* Build configuration list for PBXNativeTarget "SudokuAnimation" */;
			buildPhases = (
				10FC337C2028300D0082632F /* Sources */,
				10FC337D2028300D0082632F /* Frameworks */,
				10FC337E2028300D0082632F /* Resources */,
			);
			buildRules = (
			);
			dependencies = (
			);
			name = SudokuAnimation;
			productName = SudokuAnimation;
			productReference = 10FC33802028300D0082632F /* SudokuAnimation.app */;
			productType = "com.apple.product-type.application";
		};
/* End PBXNativeTarget section */

/* Begin PBXProject section */
		10FC33782028300D0082632F /* Project object */ = {
			isa = PBXProject;
			attributes = {
				LastUpgradeCheck = 0920;
				ORGANIZATIONNAME = CloudVSnow;
				TargetAttributes = {
					10FC337F2028300D0082632F = {
						CreatedOnToolsVersion = 9.2;
						ProvisioningStyle = Automatic;
					};
				};
			};
			buildConfigurationList = 10FC337B2028300D0082632F /* Build configuration list for PBXProject "SudokuAnimation" */;
			compatibilityVersion = "Xcode 8.0";
			developmentRegion = en;
			hasScannedForEncodings = 0;
			knownRegions = (
				en,
				Base,
			);
			mainGroup = 10FC33772028300D0082632F;
			productRefGroup = 10FC33812028300D0082632F /* Products */;
			projectDirPath = "";
			projectRoot = "";
			targets = (
				10FC337F2028300D0082632F /* SudokuAnimation */,
			);
		};
/* End PBXProject section */

/* Begin PBXResourcesBuildPhase section */
		10FC337E2028300D0082632F /* Resources */ = {
			isa = PBXResourcesBuildPhase;
			buildActionMask = 2147483647;
			files = (
				10FC33902028300E0082632F /* LaunchScreen.storyboard in Resources */,
				10FC338D2028300E0082632F /* Assets.xcassets in Resources */,
				10FC338B2028300E0082632F /* Main.storyboard in Resources */,
			);
			runOnlyForDeploymentPostprocessing = 0;
		};
/* End PBXResourcesBuildPhase section */

/* Begin PBXSourcesBuildPhase section */
		10FC337C2028300D0082632F /* Sources */ = {
			isa = PBXSourcesBuildPhase;
			buildActionMask = 2147483647;
			files = (
				10FC33882028300E0082632F /* ViewController.m in Sources */,
				10FC33932028300E0082632F /* main.m in Sources */,
				10FC33852028300E0082632F /* AppDelegate.m in Sources */,
				10FC339B2028310A0082632F /* RewardView.m in Sources */,
			);
			runOnlyForDeploymentPostprocessing = 0;
		};
/* End PBXSourcesBuildPhase section */

/* Begin PBXVariantGroup section */
		10FC33892028300E0082632F /* Main.storyboard */ = {
			isa = PBXVariantGroup;
			children = (
				10FC338A2028300E0082632F /* Base */,
			);
			name = Main.storyboard;
			sourceTree = "<group>";
		};
		10FC338E2028300E0082632F /* LaunchScreen.storyboard */ = {
			isa = PBXVariantGroup;
			children = (
				10FC338F2028300E0082632F /* Base */,
			);
			name = LaunchScreen.storyboard;
			sourceTree = "<group>";
		};
/* End PBXVariantGroup section */

/* Begin XCBuildConfiguration section */
		10FC33942028300E0082632F /* Debug */ = {
			isa = XCBuildConfiguration;
			buildSettings = {
				ALWAYS_SEARCH_USER_PATHS = NO;
				CLANG_ANALYZER_NONNULL = YES;
				CLANG_ANALYZER_NUMBER_OBJECT_CONVERSION = YES_AGGRESSIVE;
				CLANG_CXX_LANGUAGE_STANDARD = "gnu++14";
				CLANG_CXX_LIBRARY = "libc++";
				CLANG_ENABLE_MODULES = YES;
				CLANG_ENABLE_OBJC_ARC = YES;
				CLANG_WARN_BLOCK_CAPTURE_AUTORELEASING = YES;
				CLANG_WARN_BOOL_CONVERSION = YES;
				CLANG_WARN_COMMA = YES;
				CLANG_WARN_CONSTANT_CONVERSION = YES;
				CLANG_WARN_DIRECT_OBJC_ISA_USAGE = YES_ERROR;
				CLANG_WARN_DOCUMENTATION_COMMENTS = YES;
				CLANG_WARN_EMPTY_BODY = YES;
				CLANG_WARN_ENUM_CONVERSION = YES;
				CLANG_WARN_INFINITE_RECURSION = YES;
				CLANG_WARN_INT_CONVERSION = YES;
				CLANG_WARN_NON_LITERAL_NULL_CONVERSION = YES;
				CLANG_WARN_OBJC_LITERAL_CONVERSION = YES;
				CLANG_WARN_OBJC_ROOT_CLASS = YES_ERROR;
				CLANG_WARN_RANGE_LOOP_ANALYSIS = YES;
				CLANG_WARN_STRICT_PROTOTYPES = YES;
				CLANG_WARN_SUSPICIOUS_MOVE = YES;
				CLANG_WARN_UNGUARDED_AVAILABILITY = YES_AGGRESSIVE;
				CLANG_WARN_UNREACHABLE_CODE = YES;
				CLANG_WARN__DUPLICATE_METHOD_MATCH = YES;
				CODE_SIGN_IDENTITY = "iPhone Developer";
				COPY_PHASE_STRIP = NO;
				DEBUG_INFORMATION_FORMAT = dwarf;
				ENABLE_STRICT_OBJC_MSGSEND = YES;
				ENABLE_TESTABILITY = YES;
				GCC_C_LANGUAGE_STANDARD = gnu11;
				GCC_DYNAMIC_NO_PIC = NO;
				GCC_NO_COMMON_BLOCKS = YES;
				GCC_OPTIMIZATION_LEVEL = 0;
				GCC_PREPROCESSOR_DEFINITIONS = (
					"DEBUG=1",
					"$(inherited)",
				);
				GCC_WARN_64_TO_32_BIT_CONVERSION = YES;
				GCC_WARN_ABOUT_RETURN_TYPE = YES_ERROR;
				GCC_WARN_UNDECLARED_SELECTOR = YES;
				GCC_WARN_UNINITIALIZED_AUTOS = YES_AGGRESSIVE;
				GCC_WARN_UNUSED_FUNCTION = YES;
				GCC_WARN_UNUSED_VARIABLE = YES;
				IPHONEOS_DEPLOYMENT_TARGET = 11.2;
				MTL_ENABLE_DEBUG_INFO = YES;
				ONLY_ACTIVE_ARCH = YES;
				SDKROOT = iphoneos;
			};
			name = Debug;
		};
		10FC33952028300E0082632F /* Release */ = {
			isa = XCBuildConfiguration;
			buildSettings = {
				ALWAYS_SEARCH_USER_PATHS = NO;
				CLANG_ANALYZER_NONNULL = YES;
				CLANG_ANALYZER_NUMBER_OBJECT_CONVERSION = YES_AGGRESSIVE;
				CLANG_CXX_LANGUAGE_STANDARD = "gnu++14";
				CLANG_CXX_LIBRARY = "libc++";
				CLANG_ENABLE_MODULES = YES;
				CLANG_ENABLE_OBJC_ARC = YES;
				CLANG_WARN_BLOCK_CAPTURE_AUTORELEASING = YES;
				CLANG_WARN_BOOL_CONVERSION = YES;
				CLANG_WARN_COMMA = YES;
				CLANG_WARN_CONSTANT_CONVERSION = YES;
				CLANG_WARN_DIRECT_OBJC_ISA_USAGE = YES_ERROR;
				CLANG_WARN_DOCUMENTATION_COMMENTS = YES;
				CLANG_WARN_EMPTY_BODY = YES;
				CLANG_WARN_ENUM_CONVERSION = YES;
				CLANG_WARN_INFINITE_RECURSION = YES;
				CLANG_WARN_INT_CONVERSION = YES;
				CLANG_WARN_NON_LITERAL_NULL_CONVERSION = YES;
				CLANG_WARN_OBJC_LITERAL_CONVERSION = YES;
				CLANG_WARN_OBJC_ROOT_CLASS = YES_ERROR;
				CLANG_WARN_RANGE_LOOP_ANALYSIS = YES;
				CLANG_WARN_STRICT_PROTOTYPES = YES;
				CLANG_WARN_SUSPICIOUS_MOVE = YES;
				CLANG_WARN_UNGUARDED_AVAILABILITY = YES_AGGRESSIVE;
				CLANG_WARN_UNREACHABLE_CODE = YES;
				CLANG_WARN__DUPLICATE_METHOD_MATCH = YES;
				CODE_SIGN_IDENTITY = "iPhone Developer";
				COPY_PHASE_STRIP = NO;
				DEBUG_INFORMATION_FORMAT = "dwarf-with-dsym";
				ENABLE_NS_ASSERTIONS = NO;
				ENABLE_STRICT_OBJC_MSGSEND = YES;
				GCC_C_LANGUAGE_STANDARD = gnu11;
				GCC_NO_COMMON_BLOCKS = YES;
				GCC_WARN_64_TO_32_BIT_CONVERSION = YES;
				GCC_WARN_ABOUT_RETURN_TYPE = YES_ERROR;
				GCC_WARN_UNDECLARED_SELECTOR = YES;
				GCC_WARN_UNINITIALIZED_AUTOS = YES_AGGRESSIVE;
				GCC_WARN_UNUSED_FUNCTION = YES;
				GCC_WARN_UNUSED_VARIABLE = YES;
				IPHONEOS_DEPLOYMENT_TARGET = 11.2;
				MTL_ENABLE_DEBUG_INFO = NO;
				SDKROOT = iphoneos;
				VALIDATE_PRODUCT = YES;
			};
			name = Release;
		};
		10FC33972028300E0082632F /* Debug */ = {
			isa = XCBuildConfiguration;
			buildSettings = {
				ASSETCATALOG_COMPILER_APPICON_NAME = AppIcon;
				CODE_SIGN_STYLE = Automatic;
				DEVELOPMENT_TEAM = 3K95Q8MJ78;
				INFOPLIST_FILE = SudokuAnimation/Info.plist;
				LD_RUNPATH_SEARCH_PATHS = "$(inherited) @executable_path/Frameworks";
				PRODUCT_BUNDLE_IDENTIFIER = com.cloudvsnow.SudokuAnimation;
				PRODUCT_NAME = "$(TARGET_NAME)";
				TARGETED_DEVICE_FAMILY = "1,2";
			};
			name = Debug;
		};
		10FC33982028300E0082632F /* Release */ = {
			isa = XCBuildConfiguration;
			buildSettings = {
				ASSETCATALOG_COMPILER_APPICON_NAME = AppIcon;
				CODE_SIGN_STYLE = Automatic;
				DEVELOPMENT_TEAM = 3K95Q8MJ78;
				INFOPLIST_FILE = SudokuAnimation/Info.plist;
				LD_RUNPATH_SEARCH_PATHS = "$(inherited) @executable_path/Frameworks";
				PRODUCT_BUNDLE_IDENTIFIER = com.cloudvsnow.SudokuAnimation;
				PRODUCT_NAME = "$(TARGET_NAME)";
				TARGETED_DEVICE_FAMILY = "1,2";
			};
			name = Release;
		};
/* End XCBuildConfiguration section */

/* Begin XCConfigurationList section */
		10FC337B2028300D0082632F /* Build configuration list for PBXProject "SudokuAnimation" */ = {
			isa = XCConfigurationList;
			buildConfigurations = (
				10FC33942028300E0082632F /* Debug */,
				10FC33952028300E0082632F /* Release */,
			);
			defaultConfigurationIsVisible = 0;
			defaultConfigurationName = Release;
		};
		10FC33962028300E0082632F /* Build configuration list for PBXNativeTarget "SudokuAnimation" */ = {
			isa = XCConfigurationList;
			buildConfigurations = (
				10FC33972028300E0082632F /* Debug */,
				10FC33982028300E0082632F /* Release */,
			);
			defaultConfigurationIsVisible = 0;
			defaultConfigurationName = Release;
		};
/* End XCConfigurationList section */
	};
	rootObject = 10FC33782028300D0082632F /* Project object */;
}
